// !$*UTF8*$!
{
	archiveVersion = 1;
	classes = {
	};
	objectVersion = 50;
	objects = {

/* Begin PBXBuildFile section */
		D24693C522D90A80006D933A /* AppDelegate.swift in Sources */ = {isa = PBXBuildFile; fileRef = D24693C422D90A80006D933A /* AppDelegate.swift */; };
		D24693C722D90A80006D933A /* ViewController.swift in Sources */ = {isa = PBXBuildFile; fileRef = D24693C622D90A80006D933A /* ViewController.swift */; };
		D24693CA22D90A80006D933A /* Main.storyboard in Resources */ = {isa = PBXBuildFile; fileRef = D24693C822D90A80006D933A /* Main.storyboard */; };
		D24693CC22D90A81006D933A /* Assets.xcassets in Resources */ = {isa = PBXBuildFile; fileRef = D24693CB22D90A81006D933A /* Assets.xcassets */; };
		D24693CF22D90A81006D933A /* LaunchScreen.storyboard in Resources */ = {isa = PBXBuildFile; fileRef = D24693CD22D90A81006D933A /* LaunchScreen.storyboard */; };
		D24693DA22D90A81006D933A /* AppThingTests.swift in Sources */ = {isa = PBXBuildFile; fileRef = D24693D922D90A81006D933A /* AppThingTests.swift */; };
		D24693E522D90A81006D933A /* AppThingUITests.swift in Sources */ = {isa = PBXBuildFile; fileRef = D24693E422D90A81006D933A /* AppThingUITests.swift */; };
/* End PBXBuildFile section */

/* Begin PBXContainerItemProxy section */
		D24693D622D90A81006D933A /* PBXContainerItemProxy */ = {
			isa = PBXContainerItemProxy;
			containerPortal = D24693B922D90A80006D933A /* Project object */;
			proxyType = 1;
			remoteGlobalIDString = D24693C022D90A80006D933A;
			remoteInfo = AppThing;
		};
		D24693E122D90A81006D933A /* PBXContainerItemProxy */ = {
			isa = PBXContainerItemProxy;
			containerPortal = D24693B922D90A80006D933A /* Project object */;
			proxyType = 1;
			remoteGlobalIDString = D24693C022D90A80006D933A;
			remoteInfo = AppThing;
		};
/* End PBXContainerItemProxy section */

/* Begin PBXFileReference section */
		D24693C122D90A80006D933A /* AppThing.app */ = {isa = PBXFileReference; explicitFileType = wrapper.application; includeInIndex = 0; path = AppThing.app; sourceTree = BUILT_PRODUCTS_DIR; };
		D24693C422D90A80006D933A /* AppDelegate.swift */ = {isa = PBXFileReference; lastKnownFileType = sourcecode.swift; path = AppDelegate.swift; sourceTree = "<group>"; };
		D24693C622D90A80006D933A /* ViewController.swift */ = {isa = PBXFileReference; lastKnownFileType = sourcecode.swift; path = ViewController.swift; sourceTree = "<group>"; };
		D24693C922D90A80006D933A /* Base */ = {isa = PBXFileReference; lastKnownFileType = file.storyboard; name = Base; path = Base.lproj/Main.storyboard; sourceTree = "<group>"; };
		D24693CB22D90A81006D933A /* Assets.xcassets */ = {isa = PBXFileReference; lastKnownFileType = folder.assetcatalog; path = Assets.xcassets; sourceTree = "<group>"; };
		D24693CE22D90A81006D933A /* Base */ = {isa = PBXFileReference; lastKnownFileType = file.storyboard; name = Base; path = Base.lproj/LaunchScreen.storyboard; sourceTree = "<group>"; };
		D24693D022D90A81006D933A /* Info.plist */ = {isa = PBXFileReference; lastKnownFileType = text.plist.xml; path = Info.plist; sourceTree = "<group>"; };
		D24693D522D90A81006D933A /* AppThingTests.xctest */ = {isa = PBXFileReference; explicitFileType = wrapper.cfbundle; includeInIndex = 0; path = AppThingTests.xctest; sourceTree = BUILT_PRODUCTS_DIR; };
		D24693D922D90A81006D933A /* AppThingTests.swift */ = {isa = PBXFileReference; lastKnownFileType = sourcecode.swift; path = AppThingTests.swift; sourceTree = "<group>"; };
		D24693DB22D90A81006D933A /* Info.plist */ = {isa = PBXFileReference; lastKnownFileType = text.plist.xml; path = Info.plist; sourceTree = "<group>"; };
		D24693E022D90A81006D933A /* AppThingUITests.xctest */ = {isa = PBXFileReference; explicitFileType = wrapper.cfbundle; includeInIndex = 0; path = AppThingUITests.xctest; sourceTree = BUILT_PRODUCTS_DIR; };
		D24693E422D90A81006D933A /* AppThingUITests.swift */ = {isa = PBXFileReference; lastKnownFileType = sourcecode.swift; path = AppThingUITests.swift; sourceTree = "<group>"; };
		D24693E622D90A81006D933A /* Info.plist */ = {isa = PBXFileReference; lastKnownFileType = text.plist.xml; path = Info.plist; sourceTree = "<group>"; };
/* End PBXFileReference section */

/* Begin PBXFrameworksBuildPhase section */
		D24693BE22D90A80006D933A /* Frameworks */ = {
			isa = PBXFrameworksBuildPhase;
			buildActionMask = 2147483647;
			files = (
			);
			runOnlyForDeploymentPostprocessing = 0;
		};
		D24693D222D90A81006D933A /* Frameworks */ = {
			isa = PBXFrameworksBuildPhase;
			buildActionMask = 2147483647;
			files = (
			);
			runOnlyForDeploymentPostprocessing = 0;
		};
		D24693DD22D90A81006D933A /* Frameworks */ = {
			isa = PBXFrameworksBuildPhase;
			buildActionMask = 2147483647;
			files = (
			);
			runOnlyForDeploymentPostprocessing = 0;
		};
/* End PBXFrameworksBuildPhase section */

/* Begin PBXGroup section */
		D24693B822D90A80006D933A = {
			isa = PBXGroup;
			children = (
				D24693C322D90A80006D933A /* AppThing */,
				D24693D822D90A81006D933A /* AppThingTests */,
				D24693E322D90A81006D933A /* AppThingUITests */,
				D24693C222D90A80006D933A /* Products */,
			);
			sourceTree = "<group>";
		};
		D24693C222D90A80006D933A /* Products */ = {
			isa = PBXGroup;
			children = (
				D24693C122D90A80006D933A /* AppThing.app */,
				D24693D522D90A81006D933A /* AppThingTests.xctest */,
				D24693E022D90A81006D933A /* AppThingUITests.xctest */,
			);
			name = Products;
			sourceTree = "<group>";
		};
		D24693C322D90A80006D933A /* AppThing */ = {
			isa = PBXGroup;
			children = (
				D24693C422D90A80006D933A /* AppDelegate.swift */,
				D24693C622D90A80006D933A /* ViewController.swift */,
				D24693C822D90A80006D933A /* Main.storyboard */,
				D24693CB22D90A81006D933A /* Assets.xcassets */,
				D24693CD22D90A81006D933A /* LaunchScreen.storyboard */,
				D24693D022D90A81006D933A /* Info.plist */,
			);
			path = AppThing;
			sourceTree = "<group>";
		};
		D24693D822D90A81006D933A /* AppThingTests */ = {
			isa = PBXGroup;
			children = (
				D24693D922D90A81006D933A /* AppThingTests.swift */,
				D24693DB22D90A81006D933A /* Info.plist */,
			);
			path = AppThingTests;
			sourceTree = "<group>";
		};
		D24693E322D90A81006D933A /* AppThingUITests */ = {
			isa = PBXGroup;
			children = (
				D24693E422D90A81006D933A /* AppThingUITests.swift */,
				D24693E622D90A81006D933A /* Info.plist */,
			);
			path = AppThingUITests;
			sourceTree = "<group>";
		};
/* End PBXGroup section */

/* Begin PBXNativeTarget section */
		D24693C022D90A80006D933A /* AppThing */ = {
			isa = PBXNativeTarget;
			buildConfigurationList = D24693E922D90A81006D933A /* Build configuration list for PBXNativeTarget "AppThing" */;
			buildPhases = (
				D24693BD22D90A80006D933A /* Sources */,
				D24693BE22D90A80006D933A /* Frameworks */,
				D24693BF22D90A80006D933A /* Resources */,
			);
			buildRules = (
			);
			dependencies = (
			);
			name = AppThing;
			productName = AppThing;
			productReference = D24693C122D90A80006D933A /* AppThing.app */;
			productType = "com.apple.product-type.application";
		};
		D24693D422D90A81006D933A /* AppThingTests */ = {
			isa = PBXNativeTarget;
			buildConfigurationList = D24693EC22D90A81006D933A /* Build configuration list for PBXNativeTarget "AppThingTests" */;
			buildPhases = (
				D24693D122D90A81006D933A /* Sources */,
				D24693D222D90A81006D933A /* Frameworks */,
				D24693D322D90A81006D933A /* Resources */,
			);
			buildRules = (
			);
			dependencies = (
				D24693D722D90A81006D933A /* PBXTargetDependency */,
			);
			name = AppThingTests;
			productName = AppThingTests;
			productReference = D24693D522D90A81006D933A /* AppThingTests.xctest */;
			productType = "com.apple.product-type.bundle.unit-test";
		};
		D24693DF22D90A81006D933A /* AppThingUITests */ = {
			isa = PBXNativeTarget;
			buildConfigurationList = D24693EF22D90A81006D933A /* Build configuration list for PBXNativeTarget "AppThingUITests" */;
			buildPhases = (
				D24693DC22D90A81006D933A /* Sources */,
				D24693DD22D90A81006D933A /* Frameworks */,
				D24693DE22D90A81006D933A /* Resources */,
			);
			buildRules = (
			);
			dependencies = (
				D24693E222D90A81006D933A /* PBXTargetDependency */,
			);
			name = AppThingUITests;
			productName = AppThingUITests;
			productReference = D24693E022D90A81006D933A /* AppThingUITests.xctest */;
			productType = "com.apple.product-type.bundle.ui-testing";
		};
/* End PBXNativeTarget section */

/* Begin PBXProject section */
		D24693B922D90A80006D933A /* Project object */ = {
			isa = PBXProject;
			attributes = {
				LastSwiftUpdateCheck = 1020;
				LastUpgradeCheck = 1020;
				ORGANIZATIONNAME = "Daisy Cisneros";
				TargetAttributes = {
					D24693C022D90A80006D933A = {
						CreatedOnToolsVersion = 10.2.1;
					};
					D24693D422D90A81006D933A = {
						CreatedOnToolsVersion = 10.2.1;
						TestTargetID = D24693C022D90A80006D933A;
					};
					D24693DF22D90A81006D933A = {
						CreatedOnToolsVersion = 10.2.1;
						TestTargetID = D24693C022D90A80006D933A;
					};
				};
			};
			buildConfigurationList = D24693BC22D90A80006D933A /* Build configuration list for PBXProject "AppThing" */;
			compatibilityVersion = "Xcode 9.3";
			developmentRegion = en;
			hasScannedForEncodings = 0;
			knownRegions = (
				en,
				Base,
			);
			mainGroup = D24693B822D90A80006D933A;
			productRefGroup = D24693C222D90A80006D933A /* Products */;
			projectDirPath = "";
			projectRoot = "";
			targets = (
				D24693C022D90A80006D933A /* AppThing */,
				D24693D422D90A81006D933A /* AppThingTests */,
				D24693DF22D90A81006D933A /* AppThingUITests */,
			);
		};
/* End PBXProject section */

/* Begin PBXResourcesBuildPhase section */
		D24693BF22D90A80006D933A /* Resources */ = {
			isa = PBXResourcesBuildPhase;
			buildActionMask = 2147483647;
			files = (
				D24693CF22D90A81006D933A /* LaunchScreen.storyboard in Resources */,
				D24693CC22D90A81006D933A /* Assets.xcassets in Resources */,
				D24693CA22D90A80006D933A /* Main.storyboard in Resources */,
			);
			runOnlyForDeploymentPostprocessing = 0;
		};
		D24693D322D90A81006D933A /* Resources */ = {
			isa = PBXResourcesBuildPhase;
			buildActionMask = 2147483647;
			files = (
			);
			runOnlyForDeploymentPostprocessing = 0;
		};
		D24693DE22D90A81006D933A /* Resources */ = {
			isa = PBXResourcesBuildPhase;
			buildActionMask = 2147483647;
			files = (
			);
			runOnlyForDeploymentPostprocessing = 0;
		};
/* End PBXResourcesBuildPhase section */

/* Begin PBXSourcesBuildPhase section */
		D24693BD22D90A80006D933A /* Sources */ = {
			isa = PBXSourcesBuildPhase;
			buildActionMask = 2147483647;
			files = (
				D24693C722D90A80006D933A /* ViewController.swift in Sources */,
				D24693C522D90A80006D933A /* AppDelegate.swift in Sources */,
			);
			runOnlyForDeploymentPostprocessing = 0;
		};
		D24693D122D90A81006D933A /* Sources */ = {
			isa = PBXSourcesBuildPhase;
			buildActionMask = 2147483647;
			files = (
				D24693DA22D90A81006D933A /* AppThingTests.swift in Sources */,
			);
			runOnlyForDeploymentPostprocessing = 0;
		};
		D24693DC22D90A81006D933A /* Sources */ = {
			isa = PBXSourcesBuildPhase;
			buildActionMask = 2147483647;
			files = (
				D24693E522D90A81006D933A /* AppThingUITests.swift in Sources */,
			);
			runOnlyForDeploymentPostprocessing = 0;
		};
/* End PBXSourcesBuildPhase section */

/* Begin PBXTargetDependency section */
		D24693D722D90A81006D933A /* PBXTargetDependency */ = {
			isa = PBXTargetDependency;
			target = D24693C022D90A80006D933A /* AppThing */;
			targetProxy = D24693D622D90A81006D933A /* PBXContainerItemProxy */;
		};
		D24693E222D90A81006D933A /* PBXTargetDependency */ = {
			isa = PBXTargetDependency;
			target = D24693C022D90A80006D933A /* AppThing */;
			targetProxy = D24693E122D90A81006D933A /* PBXContainerItemProxy */;
		};
/* End PBXTargetDependency section */

/* Begin PBXVariantGroup section */
		D24693C822D90A80006D933A /* Main.storyboard */ = {
			isa = PBXVariantGroup;
			children = (
				D24693C922D90A80006D933A /* Base */,
			);
			name = Main.storyboard;
			sourceTree = "<group>";
		};
		D24693CD22D90A81006D933A /* LaunchScreen.storyboard */ = {
			isa = PBXVariantGroup;
			children = (
				D24693CE22D90A81006D933A /* Base */,
			);
			name = LaunchScreen.storyboard;
			sourceTree = "<group>";
		};
/* End PBXVariantGroup section */

/* Begin XCBuildConfiguration section */
		D24693E722D90A81006D933A /* Debug */ = {
			isa = XCBuildConfiguration;
			buildSettings = {
				ALWAYS_SEARCH_USER_PATHS = NO;
				CLANG_ANALYZER_NONNULL = YES;
				CLANG_ANALYZER_NUMBER_OBJECT_CONVERSION = YES_AGGRESSIVE;
				CLANG_CXX_LANGUAGE_STANDARD = "gnu++14";
				CLANG_CXX_LIBRARY = "libc++";
				CLANG_ENABLE_MODULES = YES;
				CLANG_ENABLE_OBJC_ARC = YES;
				CLANG_ENABLE_OBJC_WEAK = YES;
				CLANG_WARN_BLOCK_CAPTURE_AUTORELEASING = YES;
				CLANG_WARN_BOOL_CONVERSION = YES;
				CLANG_WARN_COMMA = YES;
				CLANG_WARN_CONSTANT_CONVERSION = YES;
				CLANG_WARN_DEPRECATED_OBJC_IMPLEMENTATIONS = YES;
				CLANG_WARN_DIRECT_OBJC_ISA_USAGE = YES_ERROR;
				CLANG_WARN_DOCUMENTATION_COMMENTS = YES;
				CLANG_WARN_EMPTY_BODY = YES;
				CLANG_WARN_ENUM_CONVERSION = YES;
				CLANG_WARN_INFINITE_RECURSION = YES;
				CLANG_WARN_INT_CONVERSION = YES;
				CLANG_WARN_NON_LITERAL_NULL_CONVERSION = YES;
				CLANG_WARN_OBJC_IMPLICIT_RETAIN_SELF = YES;
				CLANG_WARN_OBJC_LITERAL_CONVERSION = YES;
				CLANG_WARN_OBJC_ROOT_CLASS = YES_ERROR;
				CLANG_WARN_RANGE_LOOP_ANALYSIS = YES;
				CLANG_WARN_STRICT_PROTOTYPES = YES;
				CLANG_WARN_SUSPICIOUS_MOVE = YES;
				CLANG_WARN_UNGUARDED_AVAILABILITY = YES_AGGRESSIVE;
				CLANG_WARN_UNREACHABLE_CODE = YES;
				CLANG_WARN__DUPLICATE_METHOD_MATCH = YES;
				CODE_SIGN_IDENTITY = "iPhone Developer";
				COPY_PHASE_STRIP = NO;
				DEBUG_INFORMATION_FORMAT = dwarf;
				ENABLE_STRICT_OBJC_MSGSEND = YES;
				ENABLE_TESTABILITY = YES;
				GCC_C_LANGUAGE_STANDARD = gnu11;
				GCC_DYNAMIC_NO_PIC = NO;
				GCC_NO_COMMON_BLOCKS = YES;
				GCC_OPTIMIZATION_LEVEL = 0;
				GCC_PREPROCESSOR_DEFINITIONS = (
					"DEBUG=1",
					"$(inherited)",
				);
				GCC_WARN_64_TO_32_BIT_CONVERSION = YES;
				GCC_WARN_ABOUT_RETURN_TYPE = YES_ERROR;
				GCC_WARN_UNDECLARED_SELECTOR = YES;
				GCC_WARN_UNINITIALIZED_AUTOS = YES_AGGRESSIVE;
				GCC_WARN_UNUSED_FUNCTION = YES;
				GCC_WARN_UNUSED_VARIABLE = YES;
				IPHONEOS_DEPLOYMENT_TARGET = 12.2;
				MTL_ENABLE_DEBUG_INFO = INCLUDE_SOURCE;
				MTL_FAST_MATH = YES;
				ONLY_ACTIVE_ARCH = YES;
				SDKROOT = iphoneos;
				SWIFT_ACTIVE_COMPILATION_CONDITIONS = DEBUG;
				SWIFT_OPTIMIZATION_LEVEL = "-Onone";
			};
			name = Debug;
		};
		D24693E822D90A81006D933A /* Release */ = {
			isa = XCBuildConfiguration;
			buildSettings = {
				ALWAYS_SEARCH_USER_PATHS = NO;
				CLANG_ANALYZER_NONNULL = YES;
				CLANG_ANALYZER_NUMBER_OBJECT_CONVERSION = YES_AGGRESSIVE;
				CLANG_CXX_LANGUAGE_STANDARD = "gnu++14";
				CLANG_CXX_LIBRARY = "libc++";
				CLANG_ENABLE_MODULES = YES;
				CLANG_ENABLE_OBJC_ARC = YES;
				CLANG_ENABLE_OBJC_WEAK = YES;
				CLANG_WARN_BLOCK_CAPTURE_AUTORELEASING = YES;
				CLANG_WARN_BOOL_CONVERSION = YES;
				CLANG_WARN_COMMA = YES;
				CLANG_WARN_CONSTANT_CONVERSION = YES;
				CLANG_WARN_DEPRECATED_OBJC_IMPLEMENTATIONS = YES;
				CLANG_WARN_DIRECT_OBJC_ISA_USAGE = YES_ERROR;
				CLANG_WARN_DOCUMENTATION_COMMENTS = YES;
				CLANG_WARN_EMPTY_BODY = YES;
				CLANG_WARN_ENUM_CONVERSION = YES;
				CLANG_WARN_INFINITE_RECURSION = YES;
				CLANG_WARN_INT_CONVERSION = YES;
				CLANG_WARN_NON_LITERAL_NULL_CONVERSION = YES;
				CLANG_WARN_OBJC_IMPLICIT_RETAIN_SELF = YES;
				CLANG_WARN_OBJC_LITERAL_CONVERSION = YES;
				CLANG_WARN_OBJC_ROOT_CLASS = YES_ERROR;
				CLANG_WARN_RANGE_LOOP_ANALYSIS = YES;
				CLANG_WARN_STRICT_PROTOTYPES = YES;
				CLANG_WARN_SUSPICIOUS_MOVE = YES;
				CLANG_WARN_UNGUARDED_AVAILABILITY = YES_AGGRESSIVE;
				CLANG_WARN_UNREACHABLE_CODE = YES;
				CLANG_WARN__DUPLICATE_METHOD_MATCH = YES;
				CODE_SIGN_IDENTITY = "iPhone Developer";
				COPY_PHASE_STRIP = NO;
				DEBUG_INFORMATION_FORMAT = "dwarf-with-dsym";
				ENABLE_NS_ASSERTIONS = NO;
				ENABLE_STRICT_OBJC_MSGSEND = YES;
				GCC_C_LANGUAGE_STANDARD = gnu11;
				GCC_NO_COMMON_BLOCKS = YES;
				GCC_WARN_64_TO_32_BIT_CONVERSION = YES;
				GCC_WARN_ABOUT_RETURN_TYPE = YES_ERROR;
				GCC_WARN_UNDECLARED_SELECTOR = YES;
				GCC_WARN_UNINITIALIZED_AUTOS = YES_AGGRESSIVE;
				GCC_WARN_UNUSED_FUNCTION = YES;
				GCC_WARN_UNUSED_VARIABLE = YES;
				IPHONEOS_DEPLOYMENT_TARGET = 12.2;
				MTL_ENABLE_DEBUG_INFO = NO;
				MTL_FAST_MATH = YES;
				SDKROOT = iphoneos;
				SWIFT_COMPILATION_MODE = wholemodule;
				SWIFT_OPTIMIZATION_LEVEL = "-O";
				VALIDATE_PRODUCT = YES;
			};
			name = Release;
		};
		D24693EA22D90A81006D933A /* Debug */ = {
			isa = XCBuildConfiguration;
			buildSettings = {
				ASSETCATALOG_COMPILER_APPICON_NAME = AppIcon;
				CODE_SIGN_STYLE = Automatic;
				INFOPLIST_FILE = AppThing/Info.plist;
				LD_RUNPATH_SEARCH_PATHS = (
					"$(inherited)",
					"@executable_path/Frameworks",
				);
				PRODUCT_BUNDLE_IDENTIFIER = com.non.AppThing;
				PRODUCT_NAME = "$(TARGET_NAME)";
				SWIFT_VERSION = 5.0;
				TARGETED_DEVICE_FAMILY = "1,2";
			};
			name = Debug;
		};
		D24693EB22D90A81006D933A /* Release */ = {
			isa = XCBuildConfiguration;
			buildSettings = {
				ASSETCATALOG_COMPILER_APPICON_NAME = AppIcon;
				CODE_SIGN_STYLE = Automatic;
				INFOPLIST_FILE = AppThing/Info.plist;
				LD_RUNPATH_SEARCH_PATHS = (
					"$(inherited)",
					"@executable_path/Frameworks",
				);
				PRODUCT_BUNDLE_IDENTIFIER = com.non.AppThing;
				PRODUCT_NAME = "$(TARGET_NAME)";
				SWIFT_VERSION = 5.0;
				TARGETED_DEVICE_FAMILY = "1,2";
			};
			name = Release;
		};
		D24693ED22D90A81006D933A /* Debug */ = {
			isa = XCBuildConfiguration;
			buildSettings = {
				ALWAYS_EMBED_SWIFT_STANDARD_LIBRARIES = YES;
				BUNDLE_LOADER = "$(TEST_HOST)";
				CODE_SIGN_STYLE = Automatic;
				INFOPLIST_FILE = AppThingTests/Info.plist;
				LD_RUNPATH_SEARCH_PATHS = (
					"$(inherited)",
					"@executable_path/Frameworks",
					"@loader_path/Frameworks",
				);
				PRODUCT_BUNDLE_IDENTIFIER = com.non.AppThingTests;
				PRODUCT_NAME = "$(TARGET_NAME)";
				SWIFT_VERSION = 5.0;
				TARGETED_DEVICE_FAMILY = "1,2";
				TEST_HOST = "$(BUILT_PRODUCTS_DIR)/AppThing.app/AppThing";
			};
			name = Debug;
		};
		D24693EE22D90A81006D933A /* Release */ = {
			isa = XCBuildConfiguration;
			buildSettings = {
				ALWAYS_EMBED_SWIFT_STANDARD_LIBRARIES = YES;
				BUNDLE_LOADER = "$(TEST_HOST)";
				CODE_SIGN_STYLE = Automatic;
				INFOPLIST_FILE = AppThingTests/Info.plist;
				LD_RUNPATH_SEARCH_PATHS = (
					"$(inherited)",
					"@executable_path/Frameworks",
					"@loader_path/Frameworks",
				);
				PRODUCT_BUNDLE_IDENTIFIER = com.non.AppThingTests;
				PRODUCT_NAME = "$(TARGET_NAME)";
				SWIFT_VERSION = 5.0;
				TARGETED_DEVICE_FAMILY = "1,2";
				TEST_HOST = "$(BUILT_PRODUCTS_DIR)/AppThing.app/AppThing";
			};
			name = Release;
		};
		D24693F022D90A81006D933A /* Debug */ = {
			isa = XCBuildConfiguration;
			buildSettings = {
				ALWAYS_EMBED_SWIFT_STANDARD_LIBRARIES = YES;
				CODE_SIGN_STYLE = Automatic;
				INFOPLIST_FILE = AppThingUITests/Info.plist;
				LD_RUNPATH_SEARCH_PATHS = (
					"$(inherited)",
					"@executable_path/Frameworks",
					"@loader_path/Frameworks",
				);
				PRODUCT_BUNDLE_IDENTIFIER = com.non.AppThingUITests;
				PRODUCT_NAME = "$(TARGET_NAME)";
				SWIFT_VERSION = 5.0;
				TARGETED_DEVICE_FAMILY = "1,2";
				TEST_TARGET_NAME = AppThing;
			};
			name = Debug;
		};
		D24693F122D90A81006D933A /* Release */ = {
			isa = XCBuildConfiguration;
			buildSettings = {
				ALWAYS_EMBED_SWIFT_STANDARD_LIBRARIES = YES;
				CODE_SIGN_STYLE = Automatic;
				INFOPLIST_FILE = AppThingUITests/Info.plist;
				LD_RUNPATH_SEARCH_PATHS = (
					"$(inherited)",
					"@executable_path/Frameworks",
					"@loader_path/Frameworks",
				);
				PRODUCT_BUNDLE_IDENTIFIER = com.non.AppThingUITests;
				PRODUCT_NAME = "$(TARGET_NAME)";
				SWIFT_VERSION = 5.0;
				TARGETED_DEVICE_FAMILY = "1,2";
				TEST_TARGET_NAME = AppThing;
			};
			name = Release;
		};
/* End XCBuildConfiguration section */

/* Begin XCConfigurationList section */
		D24693BC22D90A80006D933A /* Build configuration list for PBXProject "AppThing" */ = {
			isa = XCConfigurationList;
			buildConfigurations = (
				D24693E722D90A81006D933A /* Debug */,
				D24693E822D90A81006D933A /* Release */,
			);
			defaultConfigurationIsVisible = 0;
			defaultConfigurationName = Release;
		};
		D24693E922D90A81006D933A /* Build configuration list for PBXNativeTarget "AppThing" */ = {
			isa = XCConfigurationList;
			buildConfigurations = (
				D24693EA22D90A81006D933A /* Debug */,
				D24693EB22D90A81006D933A /* Release */,
			);
			defaultConfigurationIsVisible = 0;
			defaultConfigurationName = Release;
		};
		D24693EC22D90A81006D933A /* Build configuration list for PBXNativeTarget "AppThingTests" */ = {
			isa = XCConfigurationList;
			buildConfigurations = (
				D24693ED22D90A81006D933A /* Debug */,
				D24693EE22D90A81006D933A /* Release */,
			);
			defaultConfigurationIsVisible = 0;
			defaultConfigurationName = Release;
		};
		D24693EF22D90A81006D933A /* Build configuration list for PBXNativeTarget "AppThingUITests" */ = {
			isa = XCConfigurationList;
			buildConfigurations = (
				D24693F022D90A81006D933A /* Debug */,
				D24693F122D90A81006D933A /* Release */,
			);
			defaultConfigurationIsVisible = 0;
			defaultConfigurationName = Release;
		};
/* End XCConfigurationList section */
	};
	rootObject = D24693B922D90A80006D933A /* Project object */;
}
